// !$*UTF8*$!
{
	archiveVersion = 1;
	classes = {
	};
	objectVersion = 48;
	objects = {

/* Begin PBXBuildFile section */
		D30D950620100DCF00869A02 /* AppDelegate.swift in Sources */ = {isa = PBXBuildFile; fileRef = D30D950520100DCF00869A02 /* AppDelegate.swift */; };
		D30D950820100DCF00869A02 /* CountryNamesTableViewController.swift in Sources */ = {isa = PBXBuildFile; fileRef = D30D950720100DCF00869A02 /* CountryNamesTableViewController.swift */; };
		D30D950D20100DCF00869A02 /* Assets.xcassets in Resources */ = {isa = PBXBuildFile; fileRef = D30D950C20100DCF00869A02 /* Assets.xcassets */; };
		D30D951020100DCF00869A02 /* LaunchScreen.storyboard in Resources */ = {isa = PBXBuildFile; fileRef = D30D950E20100DCF00869A02 /* LaunchScreen.storyboard */; };
		D30D951B20100DCF00869A02 /* BrowseCountriesTests.swift in Sources */ = {isa = PBXBuildFile; fileRef = D30D951A20100DCF00869A02 /* BrowseCountriesTests.swift */; };
		D30D952620100E0100869A02 /* HTTPClient.swift in Sources */ = {isa = PBXBuildFile; fileRef = D30D952520100E0100869A02 /* HTTPClient.swift */; };
		D3ECB31820105234005FCA51 /* CountryTests.swift in Sources */ = {isa = PBXBuildFile; fileRef = D3ECB31720105234005FCA51 /* CountryTests.swift */; };
		D3ECB31A201052AE005FCA51 /* Country.swift in Sources */ = {isa = PBXBuildFile; fileRef = D3ECB319201052AE005FCA51 /* Country.swift */; };
		D3ECB320201137E0005FCA51 /* CountryDetailViewController.swift in Sources */ = {isa = PBXBuildFile; fileRef = D3ECB31F201137E0005FCA51 /* CountryDetailViewController.swift */; };
		D3ECB322201194EF005FCA51 /* UIImageExtension.swift in Sources */ = {isa = PBXBuildFile; fileRef = D3ECB321201194EE005FCA51 /* UIImageExtension.swift */; };
		D3ECB32420119AEC005FCA51 /* CountryDetailContainer.swift in Sources */ = {isa = PBXBuildFile; fileRef = D3ECB32320119AEC005FCA51 /* CountryDetailContainer.swift */; };
/* End PBXBuildFile section */

/* Begin PBXContainerItemProxy section */
		D30D951720100DCF00869A02 /* PBXContainerItemProxy */ = {
			isa = PBXContainerItemProxy;
			containerPortal = D30D94FA20100DCF00869A02 /* Project object */;
			proxyType = 1;
			remoteGlobalIDString = D30D950120100DCF00869A02;
			remoteInfo = BrowseCountries;
		};
/* End PBXContainerItemProxy section */

/* Begin PBXFileReference section */
		D30D950220100DCF00869A02 /* BrowseCountries.app */ = {isa = PBXFileReference; explicitFileType = wrapper.application; includeInIndex = 0; path = BrowseCountries.app; sourceTree = BUILT_PRODUCTS_DIR; };
		D30D950520100DCF00869A02 /* AppDelegate.swift */ = {isa = PBXFileReference; lastKnownFileType = sourcecode.swift; path = AppDelegate.swift; sourceTree = "<group>"; };
		D30D950720100DCF00869A02 /* CountryNamesTableViewController.swift */ = {isa = PBXFileReference; lastKnownFileType = sourcecode.swift; path = CountryNamesTableViewController.swift; sourceTree = "<group>"; };
		D30D950C20100DCF00869A02 /* Assets.xcassets */ = {isa = PBXFileReference; lastKnownFileType = folder.assetcatalog; path = Assets.xcassets; sourceTree = "<group>"; };
		D30D950F20100DCF00869A02 /* Base */ = {isa = PBXFileReference; lastKnownFileType = file.storyboard; name = Base; path = Base.lproj/LaunchScreen.storyboard; sourceTree = "<group>"; };
		D30D951120100DCF00869A02 /* Info.plist */ = {isa = PBXFileReference; lastKnownFileType = text.plist.xml; path = Info.plist; sourceTree = "<group>"; };
		D30D951620100DCF00869A02 /* BrowseCountriesTests.xctest */ = {isa = PBXFileReference; explicitFileType = wrapper.cfbundle; includeInIndex = 0; path = BrowseCountriesTests.xctest; sourceTree = BUILT_PRODUCTS_DIR; };
		D30D951A20100DCF00869A02 /* BrowseCountriesTests.swift */ = {isa = PBXFileReference; lastKnownFileType = sourcecode.swift; path = BrowseCountriesTests.swift; sourceTree = "<group>"; };
		D30D951C20100DCF00869A02 /* Info.plist */ = {isa = PBXFileReference; lastKnownFileType = text.plist.xml; path = Info.plist; sourceTree = "<group>"; };
		D30D952520100E0100869A02 /* HTTPClient.swift */ = {isa = PBXFileReference; fileEncoding = 4; lastKnownFileType = sourcecode.swift; path = HTTPClient.swift; sourceTree = "<group>"; };
		D3ECB31720105234005FCA51 /* CountryTests.swift */ = {isa = PBXFileReference; lastKnownFileType = sourcecode.swift; path = CountryTests.swift; sourceTree = "<group>"; };
		D3ECB319201052AE005FCA51 /* Country.swift */ = {isa = PBXFileReference; lastKnownFileType = sourcecode.swift; path = Country.swift; sourceTree = "<group>"; };
		D3ECB31F201137E0005FCA51 /* CountryDetailViewController.swift */ = {isa = PBXFileReference; lastKnownFileType = sourcecode.swift; path = CountryDetailViewController.swift; sourceTree = "<group>"; };
		D3ECB321201194EE005FCA51 /* UIImageExtension.swift */ = {isa = PBXFileReference; lastKnownFileType = sourcecode.swift; path = UIImageExtension.swift; sourceTree = "<group>"; };
		D3ECB32320119AEC005FCA51 /* CountryDetailContainer.swift */ = {isa = PBXFileReference; lastKnownFileType = sourcecode.swift; path = CountryDetailContainer.swift; sourceTree = "<group>"; };
/* End PBXFileReference section */

/* Begin PBXFrameworksBuildPhase section */
		D30D94FF20100DCF00869A02 /* Frameworks */ = {
			isa = PBXFrameworksBuildPhase;
			buildActionMask = 2147483647;
			files = (
			);
			runOnlyForDeploymentPostprocessing = 0;
		};
		D30D951320100DCF00869A02 /* Frameworks */ = {
			isa = PBXFrameworksBuildPhase;
			buildActionMask = 2147483647;
			files = (
			);
			runOnlyForDeploymentPostprocessing = 0;
		};
/* End PBXFrameworksBuildPhase section */

/* Begin PBXGroup section */
		D30D94F920100DCF00869A02 = {
			isa = PBXGroup;
			children = (
				D30D950420100DCF00869A02 /* BrowseCountries */,
				D30D951920100DCF00869A02 /* BrowseCountriesTests */,
				D30D950320100DCF00869A02 /* Products */,
			);
			sourceTree = "<group>";
		};
		D30D950320100DCF00869A02 /* Products */ = {
			isa = PBXGroup;
			children = (
				D30D950220100DCF00869A02 /* BrowseCountries.app */,
				D30D951620100DCF00869A02 /* BrowseCountriesTests.xctest */,
			);
			name = Products;
			sourceTree = "<group>";
		};
		D30D950420100DCF00869A02 /* BrowseCountries */ = {
			isa = PBXGroup;
			children = (
				D30D950520100DCF00869A02 /* AppDelegate.swift */,
				D3ECB31B20111F94005FCA51 /* Model */,
				D3ECB3262011C51D005FCA51 /* Networking */,
				D3ECB3272011C529005FCA51 /* Extensions */,
				D3ECB31C20111FC1005FCA51 /* Controllers */,
				D30D950C20100DCF00869A02 /* Assets.xcassets */,
				D30D950E20100DCF00869A02 /* LaunchScreen.storyboard */,
				D3ECB3252011BB84005FCA51 /* Views */,
				D30D951120100DCF00869A02 /* Info.plist */,
			);
			path = BrowseCountries;
			sourceTree = "<group>";
		};
		D30D951920100DCF00869A02 /* BrowseCountriesTests */ = {
			isa = PBXGroup;
			children = (
				D3ECB31720105234005FCA51 /* CountryTests.swift */,
				D30D951A20100DCF00869A02 /* BrowseCountriesTests.swift */,
				D30D951C20100DCF00869A02 /* Info.plist */,
			);
			path = BrowseCountriesTests;
			sourceTree = "<group>";
		};
		D3ECB31B20111F94005FCA51 /* Model */ = {
			isa = PBXGroup;
			children = (
				D3ECB319201052AE005FCA51 /* Country.swift */,
			);
			path = Model;
			sourceTree = "<group>";
		};
		D3ECB31C20111FC1005FCA51 /* Controllers */ = {
			isa = PBXGroup;
			children = (
				D3ECB31F201137E0005FCA51 /* CountryDetailViewController.swift */,
				D30D950720100DCF00869A02 /* CountryNamesTableViewController.swift */,
			);
			path = Controllers;
			sourceTree = "<group>";
		};
		D3ECB3252011BB84005FCA51 /* Views */ = {
			isa = PBXGroup;
			children = (
				D3ECB32320119AEC005FCA51 /* CountryDetailContainer.swift */,
			);
			path = Views;
			sourceTree = "<group>";
		};
		D3ECB3262011C51D005FCA51 /* Networking */ = {
			isa = PBXGroup;
			children = (
				D30D952520100E0100869A02 /* HTTPClient.swift */,
			);
			path = Networking;
			sourceTree = "<group>";
		};
		D3ECB3272011C529005FCA51 /* Extensions */ = {
			isa = PBXGroup;
			children = (
				D3ECB321201194EE005FCA51 /* UIImageExtension.swift */,
			);
			path = Extensions;
			sourceTree = "<group>";
		};
/* End PBXGroup section */

/* Begin PBXNativeTarget section */
		D30D950120100DCF00869A02 /* BrowseCountries */ = {
			isa = PBXNativeTarget;
			buildConfigurationList = D30D951F20100DCF00869A02 /* Build configuration list for PBXNativeTarget "BrowseCountries" */;
			buildPhases = (
				D30D94FE20100DCF00869A02 /* Sources */,
				D30D94FF20100DCF00869A02 /* Frameworks */,
				D30D950020100DCF00869A02 /* Resources */,
			);
			buildRules = (
			);
			dependencies = (
			);
			name = BrowseCountries;
			productName = BrowseCountries;
			productReference = D30D950220100DCF00869A02 /* BrowseCountries.app */;
			productType = "com.apple.product-type.application";
		};
		D30D951520100DCF00869A02 /* BrowseCountriesTests */ = {
			isa = PBXNativeTarget;
			buildConfigurationList = D30D952220100DCF00869A02 /* Build configuration list for PBXNativeTarget "BrowseCountriesTests" */;
			buildPhases = (
				D30D951220100DCF00869A02 /* Sources */,
				D30D951320100DCF00869A02 /* Frameworks */,
				D30D951420100DCF00869A02 /* Resources */,
			);
			buildRules = (
			);
			dependencies = (
				D30D951820100DCF00869A02 /* PBXTargetDependency */,
			);
			name = BrowseCountriesTests;
			productName = BrowseCountriesTests;
			productReference = D30D951620100DCF00869A02 /* BrowseCountriesTests.xctest */;
			productType = "com.apple.product-type.bundle.unit-test";
		};
/* End PBXNativeTarget section */

/* Begin PBXProject section */
		D30D94FA20100DCF00869A02 /* Project object */ = {
			isa = PBXProject;
			attributes = {
				LastSwiftUpdateCheck = 0920;
				LastUpgradeCheck = 0920;
				ORGANIZATIONNAME = "Alberto Vega Gonzalez";
				TargetAttributes = {
					D30D950120100DCF00869A02 = {
						CreatedOnToolsVersion = 9.2;
						ProvisioningStyle = Automatic;
					};
					D30D951520100DCF00869A02 = {
						CreatedOnToolsVersion = 9.2;
						ProvisioningStyle = Automatic;
						TestTargetID = D30D950120100DCF00869A02;
					};
				};
			};
			buildConfigurationList = D30D94FD20100DCF00869A02 /* Build configuration list for PBXProject "BrowseCountries" */;
			compatibilityVersion = "Xcode 8.0";
			developmentRegion = en;
			hasScannedForEncodings = 0;
			knownRegions = (
				en,
				Base,
			);
			mainGroup = D30D94F920100DCF00869A02;
			productRefGroup = D30D950320100DCF00869A02 /* Products */;
			projectDirPath = "";
			projectRoot = "";
			targets = (
				D30D950120100DCF00869A02 /* BrowseCountries */,
				D30D951520100DCF00869A02 /* BrowseCountriesTests */,
			);
		};
/* End PBXProject section */

/* Begin PBXResourcesBuildPhase section */
		D30D950020100DCF00869A02 /* Resources */ = {
			isa = PBXResourcesBuildPhase;
			buildActionMask = 2147483647;
			files = (
				D30D951020100DCF00869A02 /* LaunchScreen.storyboard in Resources */,
				D30D950D20100DCF00869A02 /* Assets.xcassets in Resources */,
			);
			runOnlyForDeploymentPostprocessing = 0;
		};
		D30D951420100DCF00869A02 /* Resources */ = {
			isa = PBXResourcesBuildPhase;
			buildActionMask = 2147483647;
			files = (
			);
			runOnlyForDeploymentPostprocessing = 0;
		};
/* End PBXResourcesBuildPhase section */

/* Begin PBXSourcesBuildPhase section */
		D30D94FE20100DCF00869A02 /* Sources */ = {
			isa = PBXSourcesBuildPhase;
			buildActionMask = 2147483647;
			files = (
				D3ECB320201137E0005FCA51 /* CountryDetailViewController.swift in Sources */,
				D30D950820100DCF00869A02 /* CountryNamesTableViewController.swift in Sources */,
				D3ECB32420119AEC005FCA51 /* CountryDetailContainer.swift in Sources */,
				D30D950620100DCF00869A02 /* AppDelegate.swift in Sources */,
				D3ECB31A201052AE005FCA51 /* Country.swift in Sources */,
				D30D952620100E0100869A02 /* HTTPClient.swift in Sources */,
				D3ECB322201194EF005FCA51 /* UIImageExtension.swift in Sources */,
			);
			runOnlyForDeploymentPostprocessing = 0;
		};
		D30D951220100DCF00869A02 /* Sources */ = {
			isa = PBXSourcesBuildPhase;
			buildActionMask = 2147483647;
			files = (
				D3ECB31820105234005FCA51 /* CountryTests.swift in Sources */,
				D30D951B20100DCF00869A02 /* BrowseCountriesTests.swift in Sources */,
			);
			runOnlyForDeploymentPostprocessing = 0;
		};
/* End PBXSourcesBuildPhase section */

/* Begin PBXTargetDependency section */
		D30D951820100DCF00869A02 /* PBXTargetDependency */ = {
			isa = PBXTargetDependency;
			target = D30D950120100DCF00869A02 /* BrowseCountries */;
			targetProxy = D30D951720100DCF00869A02 /* PBXContainerItemProxy */;
		};
/* End PBXTargetDependency section */

/* Begin PBXVariantGroup section */
		D30D950E20100DCF00869A02 /* LaunchScreen.storyboard */ = {
			isa = PBXVariantGroup;
			children = (
				D30D950F20100DCF00869A02 /* Base */,
			);
			name = LaunchScreen.storyboard;
			sourceTree = "<group>";
		};
/* End PBXVariantGroup section */

/* Begin XCBuildConfiguration section */
		D30D951D20100DCF00869A02 /* Debug */ = {
			isa = XCBuildConfiguration;
			buildSettings = {
				ALWAYS_SEARCH_USER_PATHS = NO;
				CLANG_ANALYZER_NONNULL = YES;
				CLANG_ANALYZER_NUMBER_OBJECT_CONVERSION = YES_AGGRESSIVE;
				CLANG_CXX_LANGUAGE_STANDARD = "gnu++14";
				CLANG_CXX_LIBRARY = "libc++";
				CLANG_ENABLE_MODULES = YES;
				CLANG_ENABLE_OBJC_ARC = YES;
				CLANG_WARN_BLOCK_CAPTURE_AUTORELEASING = YES;
				CLANG_WARN_BOOL_CONVERSION = YES;
				CLANG_WARN_COMMA = YES;
				CLANG_WARN_CONSTANT_CONVERSION = YES;
				CLANG_WARN_DIRECT_OBJC_ISA_USAGE = YES_ERROR;
				CLANG_WARN_DOCUMENTATION_COMMENTS = YES;
				CLANG_WARN_EMPTY_BODY = YES;
				CLANG_WARN_ENUM_CONVERSION = YES;
				CLANG_WARN_INFINITE_RECURSION = YES;
				CLANG_WARN_INT_CONVERSION = YES;
				CLANG_WARN_NON_LITERAL_NULL_CONVERSION = YES;
				CLANG_WARN_OBJC_LITERAL_CONVERSION = YES;
				CLANG_WARN_OBJC_ROOT_CLASS = YES_ERROR;
				CLANG_WARN_RANGE_LOOP_ANALYSIS = YES;
				CLANG_WARN_STRICT_PROTOTYPES = YES;
				CLANG_WARN_SUSPICIOUS_MOVE = YES;
				CLANG_WARN_UNGUARDED_AVAILABILITY = YES_AGGRESSIVE;
				CLANG_WARN_UNREACHABLE_CODE = YES;
				CLANG_WARN__DUPLICATE_METHOD_MATCH = YES;
				CODE_SIGN_IDENTITY = "iPhone Developer";
				COPY_PHASE_STRIP = NO;
				DEBUG_INFORMATION_FORMAT = dwarf;
				ENABLE_STRICT_OBJC_MSGSEND = YES;
				ENABLE_TESTABILITY = YES;
				GCC_C_LANGUAGE_STANDARD = gnu11;
				GCC_DYNAMIC_NO_PIC = NO;
				GCC_NO_COMMON_BLOCKS = YES;
				GCC_OPTIMIZATION_LEVEL = 0;
				GCC_PREPROCESSOR_DEFINITIONS = (
					"DEBUG=1",
					"$(inherited)",
				);
				GCC_WARN_64_TO_32_BIT_CONVERSION = YES;
				GCC_WARN_ABOUT_RETURN_TYPE = YES_ERROR;
				GCC_WARN_UNDECLARED_SELECTOR = YES;
				GCC_WARN_UNINITIALIZED_AUTOS = YES_AGGRESSIVE;
				GCC_WARN_UNUSED_FUNCTION = YES;
				GCC_WARN_UNUSED_VARIABLE = YES;
				IPHONEOS_DEPLOYMENT_TARGET = 11.2;
				MTL_ENABLE_DEBUG_INFO = YES;
				ONLY_ACTIVE_ARCH = YES;
				SDKROOT = iphoneos;
				SWIFT_ACTIVE_COMPILATION_CONDITIONS = DEBUG;
				SWIFT_OPTIMIZATION_LEVEL = "-Onone";
			};
			name = Debug;
		};
		D30D951E20100DCF00869A02 /* Release */ = {
			isa = XCBuildConfiguration;
			buildSettings = {
				ALWAYS_SEARCH_USER_PATHS = NO;
				CLANG_ANALYZER_NONNULL = YES;
				CLANG_ANALYZER_NUMBER_OBJECT_CONVERSION = YES_AGGRESSIVE;
				CLANG_CXX_LANGUAGE_STANDARD = "gnu++14";
				CLANG_CXX_LIBRARY = "libc++";
				CLANG_ENABLE_MODULES = YES;
				CLANG_ENABLE_OBJC_ARC = YES;
				CLANG_WARN_BLOCK_CAPTURE_AUTORELEASING = YES;
				CLANG_WARN_BOOL_CONVERSION = YES;
				CLANG_WARN_COMMA = YES;
				CLANG_WARN_CONSTANT_CONVERSION = YES;
				CLANG_WARN_DIRECT_OBJC_ISA_USAGE = YES_ERROR;
				CLANG_WARN_DOCUMENTATION_COMMENTS = YES;
				CLANG_WARN_EMPTY_BODY = YES;
				CLANG_WARN_ENUM_CONVERSION = YES;
				CLANG_WARN_INFINITE_RECURSION = YES;
				CLANG_WARN_INT_CONVERSION = YES;
				CLANG_WARN_NON_LITERAL_NULL_CONVERSION = YES;
				CLANG_WARN_OBJC_LITERAL_CONVERSION = YES;
				CLANG_WARN_OBJC_ROOT_CLASS = YES_ERROR;
				CLANG_WARN_RANGE_LOOP_ANALYSIS = YES;
				CLANG_WARN_STRICT_PROTOTYPES = YES;
				CLANG_WARN_SUSPICIOUS_MOVE = YES;
				CLANG_WARN_UNGUARDED_AVAILABILITY = YES_AGGRESSIVE;
				CLANG_WARN_UNREACHABLE_CODE = YES;
				CLANG_WARN__DUPLICATE_METHOD_MATCH = YES;
				CODE_SIGN_IDENTITY = "iPhone Developer";
				COPY_PHASE_STRIP = NO;
				DEBUG_INFORMATION_FORMAT = "dwarf-with-dsym";
				ENABLE_NS_ASSERTIONS = NO;
				ENABLE_STRICT_OBJC_MSGSEND = YES;
				GCC_C_LANGUAGE_STANDARD = gnu11;
				GCC_NO_COMMON_BLOCKS = YES;
				GCC_WARN_64_TO_32_BIT_CONVERSION = YES;
				GCC_WARN_ABOUT_RETURN_TYPE = YES_ERROR;
				GCC_WARN_UNDECLARED_SELECTOR = YES;
				GCC_WARN_UNINITIALIZED_AUTOS = YES_AGGRESSIVE;
				GCC_WARN_UNUSED_FUNCTION = YES;
				GCC_WARN_UNUSED_VARIABLE = YES;
				IPHONEOS_DEPLOYMENT_TARGET = 11.2;
				MTL_ENABLE_DEBUG_INFO = NO;
				SDKROOT = iphoneos;
				SWIFT_OPTIMIZATION_LEVEL = "-Owholemodule";
				VALIDATE_PRODUCT = YES;
			};
			name = Release;
		};
		D30D952020100DCF00869A02 /* Debug */ = {
			isa = XCBuildConfiguration;
			buildSettings = {
				ASSETCATALOG_COMPILER_APPICON_NAME = AppIcon;
				CODE_SIGN_STYLE = Automatic;
				DEVELOPMENT_TEAM = H53W5ARJ67;
				INFOPLIST_FILE = BrowseCountries/Info.plist;
				LD_RUNPATH_SEARCH_PATHS = "$(inherited) @executable_path/Frameworks";
				PRODUCT_BUNDLE_IDENTIFIER = com.AlbertoVega.BrowseCountries;
				PRODUCT_NAME = "$(TARGET_NAME)";
				SWIFT_VERSION = 4.0;
				TARGETED_DEVICE_FAMILY = "1,2";
			};
			name = Debug;
		};
		D30D952120100DCF00869A02 /* Release */ = {
			isa = XCBuildConfiguration;
			buildSettings = {
				ASSETCATALOG_COMPILER_APPICON_NAME = AppIcon;
				CODE_SIGN_STYLE = Automatic;
				DEVELOPMENT_TEAM = H53W5ARJ67;
				INFOPLIST_FILE = BrowseCountries/Info.plist;
				LD_RUNPATH_SEARCH_PATHS = "$(inherited) @executable_path/Frameworks";
				PRODUCT_BUNDLE_IDENTIFIER = com.AlbertoVega.BrowseCountries;
				PRODUCT_NAME = "$(TARGET_NAME)";
				SWIFT_VERSION = 4.0;
				TARGETED_DEVICE_FAMILY = "1,2";
			};
			name = Release;
		};
		D30D952320100DCF00869A02 /* Debug */ = {
			isa = XCBuildConfiguration;
			buildSettings = {
				ALWAYS_EMBED_SWIFT_STANDARD_LIBRARIES = YES;
				BUNDLE_LOADER = "$(TEST_HOST)";
				CODE_SIGN_STYLE = Automatic;
				DEVELOPMENT_TEAM = H53W5ARJ67;
				INFOPLIST_FILE = BrowseCountriesTests/Info.plist;
				LD_RUNPATH_SEARCH_PATHS = "$(inherited) @executable_path/Frameworks @loader_path/Frameworks";
				PRODUCT_BUNDLE_IDENTIFIER = com.AlbertoVega.BrowseCountriesTests;
				PRODUCT_NAME = "$(TARGET_NAME)";
				SWIFT_VERSION = 4.0;
				TARGETED_DEVICE_FAMILY = "1,2";
				TEST_HOST = "$(BUILT_PRODUCTS_DIR)/BrowseCountries.app/BrowseCountries";
			};
			name = Debug;
		};
		D30D952420100DCF00869A02 /* Release */ = {
			isa = XCBuildConfiguration;
			buildSettings = {
				ALWAYS_EMBED_SWIFT_STANDARD_LIBRARIES = YES;
				BUNDLE_LOADER = "$(TEST_HOST)";
				CODE_SIGN_STYLE = Automatic;
				DEVELOPMENT_TEAM = H53W5ARJ67;
				INFOPLIST_FILE = BrowseCountriesTests/Info.plist;
				LD_RUNPATH_SEARCH_PATHS = "$(inherited) @executable_path/Frameworks @loader_path/Frameworks";
				PRODUCT_BUNDLE_IDENTIFIER = com.AlbertoVega.BrowseCountriesTests;
				PRODUCT_NAME = "$(TARGET_NAME)";
				SWIFT_VERSION = 4.0;
				TARGETED_DEVICE_FAMILY = "1,2";
				TEST_HOST = "$(BUILT_PRODUCTS_DIR)/BrowseCountries.app/BrowseCountries";
			};
			name = Release;
		};
/* End XCBuildConfiguration section */

/* Begin XCConfigurationList section */
		D30D94FD20100DCF00869A02 /* Build configuration list for PBXProject "BrowseCountries" */ = {
			isa = XCConfigurationList;
			buildConfigurations = (
				D30D951D20100DCF00869A02 /* Debug */,
				D30D951E20100DCF00869A02 /* Release */,
			);
			defaultConfigurationIsVisible = 0;
			defaultConfigurationName = Release;
		};
		D30D951F20100DCF00869A02 /* Build configuration list for PBXNativeTarget "BrowseCountries" */ = {
			isa = XCConfigurationList;
			buildConfigurations = (
				D30D952020100DCF00869A02 /* Debug */,
				D30D952120100DCF00869A02 /* Release */,
			);
			defaultConfigurationIsVisible = 0;
			defaultConfigurationName = Release;
		};
		D30D952220100DCF00869A02 /* Build configuration list for PBXNativeTarget "BrowseCountriesTests" */ = {
			isa = XCConfigurationList;
			buildConfigurations = (
				D30D952320100DCF00869A02 /* Debug */,
				D30D952420100DCF00869A02 /* Release */,
			);
			defaultConfigurationIsVisible = 0;
			defaultConfigurationName = Release;
		};
/* End XCConfigurationList section */
	};
	rootObject = D30D94FA20100DCF00869A02 /* Project object */;
}
